
Microsoft Visual Studio Solution File, Format Version 12.00
# Visual Studio 15
VisualStudioVersion = 15.0.26730.16
MinimumVisualStudioVersion = 10.0.40219.1
Project("{FAE04EC0-301F-11D3-BF4B-00C04F79EFBC}") = "ServerCore", "ServerCore\ServerCore.csproj", "{62BF3032-EEB2-44FF-B5C6-1BDD0A5F9F46}"
EndProject
Project("{2150E333-8FDC-42A3-9474-1A3956D46DE8}") = "Solution Items", "Solution Items", "{52C5CCC4-547B-4F71-AF87-6E42EFA71B05}"
	ProjectSection(SolutionItems) = preProject
		LICENSE = LICENSE
		README.md = README.md
	EndProjectSection
EndProject
Global
	GlobalSection(SolutionConfigurationPlatforms) = preSolution
		Debug|Any CPU = Debug|Any CPU
		Release|Any CPU = Release|Any CPU
	EndGlobalSection
	GlobalSection(ProjectConfigurationPlatforms) = postSolution
		{62BF3032-EEB2-44FF-B5C6-1BDD0A5F9F46}.Debug|Any CPU.ActiveCfg = Debug|Any CPU
		{62BF3032-EEB2-44FF-B5C6-1BDD0A5F9F46}.Debug|Any CPU.Build.0 = Debug|Any CPU
		{62BF3032-EEB2-44FF-B5C6-1BDD0A5F9F46}.Release|Any CPU.ActiveCfg = Release|Any CPU
		{62BF3032-EEB2-44FF-B5C6-1BDD0A5F9F46}.Release|Any CPU.Build.0 = Release|Any CPU
	EndGlobalSection
	GlobalSection(SolutionProperties) = preSolution
		HideSolutionNode = FALSE
	EndGlobalSection
	GlobalSection(ExtensibilityGlobals) = postSolution
		SolutionGuid = {93FD8115-50A7-4F10-8FBF-F6571553E8A6}
	EndGlobalSection
EndGlobal
